
Microsoft Visual Studio Solution File, Format Version 12.00
# Visual Studio Version 16
VisualStudioVersion = 16.0.29418.71
MinimumVisualStudioVersion = 10.0.40219.1
Project("{9A19103F-16F7-4668-BE54-9A1E7A4F7556}") = "StudentExercisesAPI", "StudentExercisesAPI\StudentExercisesAPI.csproj", "{DAF3BD99-D270-4113-92FD-B5EC7C421212}"
EndProject
Project("{FAE04EC0-301F-11D3-BF4B-00C04F79EFBC}") = "TestStudentExercisesAPI", "TestStudentExercisesAPI\TestStudentExercisesAPI.csproj", "{A17A58B5-3787-44A6-8025-F54C79C88E30}"
EndProject
Global
	GlobalSection(SolutionConfigurationPlatforms) = preSolution
		Debug|Any CPU = Debug|Any CPU
		Release|Any CPU = Release|Any CPU
	EndGlobalSection
	GlobalSection(ProjectConfigurationPlatforms) = postSolution
		{DAF3BD99-D270-4113-92FD-B5EC7C421212}.Debug|Any CPU.ActiveCfg = Debug|Any CPU
		{DAF3BD99-D270-4113-92FD-B5EC7C421212}.Debug|Any CPU.Build.0 = Debug|Any CPU
		{DAF3BD99-D270-4113-92FD-B5EC7C421212}.Release|Any CPU.ActiveCfg = Release|Any CPU
		{DAF3BD99-D270-4113-92FD-B5EC7C421212}.Release|Any CPU.Build.0 = Release|Any CPU
		{A17A58B5-3787-44A6-8025-F54C79C88E30}.Debug|Any CPU.ActiveCfg = Debug|Any CPU
		{A17A58B5-3787-44A6-8025-F54C79C88E30}.Debug|Any CPU.Build.0 = Debug|Any CPU
		{A17A58B5-3787-44A6-8025-F54C79C88E30}.Release|Any CPU.ActiveCfg = Release|Any CPU
		{A17A58B5-3787-44A6-8025-F54C79C88E30}.Release|Any CPU.Build.0 = Release|Any CPU
	EndGlobalSection
	GlobalSection(SolutionProperties) = preSolution
		HideSolutionNode = FALSE
	EndGlobalSection
	GlobalSection(ExtensibilityGlobals) = postSolution
		SolutionGuid = {75367DE7-B73F-45B6-935D-499A0CDDDCEA}
	EndGlobalSection
EndGlobal
